
Microsoft Visual Studio Solution File, Format Version 12.00
# Visual Studio 15
Project("{FAE04EC0-301F-11D3-BF4B-00C04F79EFBC}") = "UnityEngine.UI", "UnityEngine.UI.csproj", "{9AE15768-4C0D-4430-B4C5-7846A0DCE8A3}"
EndProject
Project("{FAE04EC0-301F-11D3-BF4B-00C04F79EFBC}") = "Oculus.Platform", "Oculus.Platform.csproj", "{39087C8F-D026-CC87-3292-2A0B0D7E2261}"
EndProject
Project("{FAE04EC0-301F-11D3-BF4B-00C04F79EFBC}") = "Assembly-CSharp", "Assembly-CSharp.csproj", "{DB370944-3F05-7855-38C3-7F13BB6D963B}"
EndProject
Project("{FAE04EC0-301F-11D3-BF4B-00C04F79EFBC}") = "Meta.WitAi", "Meta.WitAi.csproj", "{F080960B-1B2B-96ED-5B4C-A8909E28FC4F}"
EndProject
Project("{FAE04EC0-301F-11D3-BF4B-00C04F79EFBC}") = "Oculus.Interaction", "Oculus.Interaction.csproj", "{0CCEBE5C-F784-9349-BEBE-6E4DD1213463}"
EndProject
Project("{FAE04EC0-301F-11D3-BF4B-00C04F79EFBC}") = "Oculus.VR", "Oculus.VR.csproj", "{19F54BB4-DF23-B74C-08F1-B0FC129D1D66}"
EndProject
Project("{FAE04EC0-301F-11D3-BF4B-00C04F79EFBC}") = "VoiceSDK.Dictation.Runtime", "VoiceSDK.Dictation.Runtime.csproj", "{83D2C1CA-AE3E-DB4D-77D3-3F4B74C9F1D6}"
EndProject
Project("{FAE04EC0-301F-11D3-BF4B-00C04F79EFBC}") = "Meta.WitAi.Lib", "Meta.WitAi.Lib.csproj", "{90FAE998-9C2F-7B5B-003D-415ED6F75BE2}"
EndProject
Project("{FAE04EC0-301F-11D3-BF4B-00C04F79EFBC}") = "Meta.Voice.Hub.Runtime", "Meta.Voice.Hub.Runtime.csproj", "{21CDFDE8-6C38-F85C-D907-BEAC87F88CE6}"
EndProject
Project("{FAE04EC0-301F-11D3-BF4B-00C04F79EFBC}") = "VoiceSDK.Runtime", "VoiceSDK.Runtime.csproj", "{887A1AF2-923A-C71A-A73E-A531EF9AE696}"
EndProject
Project("{FAE04EC0-301F-11D3-BF4B-00C04F79EFBC}") = "Oculus.Interaction.OVR.Samples", "Oculus.Interaction.OVR.Samples.csproj", "{98F34C4E-8FA4-4ADD-2B5C-C64EA6A36391}"
EndProject
Project("{FAE04EC0-301F-11D3-BF4B-00C04F79EFBC}") = "Meta.WitAi.TTS.Samples", "Meta.WitAi.TTS.Samples.csproj", "{B6C98B60-1B56-B885-0A03-C09F5F18BDF4}"
EndProject
Project("{FAE04EC0-301F-11D3-BF4B-00C04F79EFBC}") = "Oculus.Voice.Demo", "Oculus.Voice.Demo.csproj", "{D85D407F-7CB9-15EF-F296-2EF5DABBFE9E}"
EndProject
Project("{FAE04EC0-301F-11D3-BF4B-00C04F79EFBC}") = "Oculus.Interaction.OVR", "Oculus.Interaction.OVR.csproj", "{46CAE806-9546-661F-663A-46BDA0845252}"
EndProject
Project("{FAE04EC0-301F-11D3-BF4B-00C04F79EFBC}") = "AssistantCoreSDKRuntime", "AssistantCoreSDKRuntime.csproj", "{07D267E7-156E-16FA-E06E-D0868C63DD8C}"
EndProject
Project("{FAE04EC0-301F-11D3-BF4B-00C04F79EFBC}") = "Meta.WitAi.Conduit", "Meta.WitAi.Conduit.csproj", "{0E49A092-2917-533D-3BF4-BDCF6C02942F}"
EndProject
Project("{FAE04EC0-301F-11D3-BF4B-00C04F79EFBC}") = "Oculus.AudioManager", "Oculus.AudioManager.csproj", "{22B91288-72FC-0354-A570-9BB41666459B}"
EndProject
Project("{FAE04EC0-301F-11D3-BF4B-00C04F79EFBC}") = "Oculus.LipSync", "Oculus.LipSync.csproj", "{E5DAAA81-D877-32FC-35AD-5045454C3D3F}"
EndProject
Project("{FAE04EC0-301F-11D3-BF4B-00C04F79EFBC}") = "Oculus.Spatializer", "Oculus.Spatializer.csproj", "{14C944A3-15B6-5FE6-F3B9-5BE20309B4BB}"
EndProject
Project("{FAE04EC0-301F-11D3-BF4B-00C04F79EFBC}") = "Meta.VoiceSDK.Mic.Other", "Meta.VoiceSDK.Mic.Other.csproj", "{46FD6863-520E-AD60-D18C-F8D7881CCC17}"
EndProject
Project("{FAE04EC0-301F-11D3-BF4B-00C04F79EFBC}") = "Meta.VoiceSDK.Mic.WebGL", "Meta.VoiceSDK.Mic.WebGL.csproj", "{60744707-8041-FFB3-DC3C-C1221ABD5E08}"
EndProject
Project("{FAE04EC0-301F-11D3-BF4B-00C04F79EFBC}") = "Meta.VoiceSDK.Mic.Common", "Meta.VoiceSDK.Mic.Common.csproj", "{E1CAD9E6-3A75-7177-E9CE-210E81B4B4D2}"
EndProject
Project("{FAE04EC0-301F-11D3-BF4B-00C04F79EFBC}") = "Facebook.Wit.Dictation", "Facebook.Wit.Dictation.csproj", "{159DA22F-656A-BDC4-B07B-550B2E1EBB5F}"
EndProject
Project("{FAE04EC0-301F-11D3-BF4B-00C04F79EFBC}") = "Meta.WitAi.TTS", "Meta.WitAi.TTS.csproj", "{3F2FCB1B-30BF-BE48-291D-A7BEAA123589}"
EndProject
Project("{FAE04EC0-301F-11D3-BF4B-00C04F79EFBC}") = "Meta.WitAi.Editor", "Meta.WitAi.Editor.csproj", "{57723E5E-DB80-21F2-9803-E0002F1DBCF2}"
EndProject
Project("{FAE04EC0-301F-11D3-BF4B-00C04F79EFBC}") = "Meta.WitAI.Lib.Editor", "Meta.WitAI.Lib.Editor.csproj", "{DBB6C0B8-54E4-50D7-3571-75C6F276A5FC}"
EndProject
Project("{FAE04EC0-301F-11D3-BF4B-00C04F79EFBC}") = "Oculus.VR.Editor", "Oculus.VR.Editor.csproj", "{EE046121-CD05-71E6-1B30-8752F12B669A}"
EndProject
Project("{FAE04EC0-301F-11D3-BF4B-00C04F79EFBC}") = "Meta.WitAi.Conduit.Editor", "Meta.WitAi.Conduit.Editor.csproj", "{98C44000-FBA0-A597-B2C8-BBB706BE0E73}"
EndProject
Project("{FAE04EC0-301F-11D3-BF4B-00C04F79EFBC}") = "Meta.Voice.Hub.Editor", "Meta.Voice.Hub.Editor.csproj", "{920788B9-25E0-E1CE-B20D-C17AF895CCA2}"
EndProject
Project("{FAE04EC0-301F-11D3-BF4B-00C04F79EFBC}") = "Oculus.Interaction.Editor", "Oculus.Interaction.Editor.csproj", "{FA2E6E7A-0B5E-DE36-AE68-795C78A33EEA}"
EndProject
Project("{FAE04EC0-301F-11D3-BF4B-00C04F79EFBC}") = "Oculus.Interaction.OVR.Editor", "Oculus.Interaction.OVR.Editor.csproj", "{1B296379-6B03-686A-D53B-1EAFF5D53B31}"
EndProject
Project("{FAE04EC0-301F-11D3-BF4B-00C04F79EFBC}") = "Assembly-CSharp-Editor", "Assembly-CSharp-Editor.csproj", "{7AA5628A-6D34-9023-3708-552766E2AD60}"
EndProject
Project("{FAE04EC0-301F-11D3-BF4B-00C04F79EFBC}") = "Oculus.VR.Scripts.Editor", "Oculus.VR.Scripts.Editor.csproj", "{57472B84-2D07-60A5-7378-105433841626}"
EndProject
Project("{FAE04EC0-301F-11D3-BF4B-00C04F79EFBC}") = "Oculus.Spatializer.Editor", "Oculus.Spatializer.Editor.csproj", "{DE6A8628-80CB-A355-5C23-D4729F7BA8B9}"
EndProject
Project("{FAE04EC0-301F-11D3-BF4B-00C04F79EFBC}") = "Meta.WitAi.TTS.Editor", "Meta.WitAi.TTS.Editor.csproj", "{7738A48A-DD35-976D-74E5-D9C57A5C25BC}"
EndProject
Project("{FAE04EC0-301F-11D3-BF4B-00C04F79EFBC}") = "UnityEditor.UI", "UnityEditor.UI.csproj", "{1BBEA1CE-48DC-EAFD-4F0A-A9FD6489E259}"
EndProject
Project("{FAE04EC0-301F-11D3-BF4B-00C04F79EFBC}") = "VoiceSDK.Dictation.Editor", "VoiceSDK.Dictation.Editor.csproj", "{7CB8452B-309C-2F57-1DD4-D3D3D1CF4DED}"
EndProject
Project("{FAE04EC0-301F-11D3-BF4B-00C04F79EFBC}") = "Oculus.Platform.Editor", "Oculus.Platform.Editor.csproj", "{62BBF2EA-5A04-4AE5-07BD-E1AE5BA7343E}"
EndProject
Project("{FAE04EC0-301F-11D3-BF4B-00C04F79EFBC}") = "VoiceSDK.Editor", "VoiceSDK.Editor.csproj", "{812ED062-9764-895C-B8E2-D16D6E94AF29}"
EndProject
Project("{FAE04EC0-301F-11D3-BF4B-00C04F79EFBC}") = "Oculus.AudioManager.Audio.Editor", "Oculus.AudioManager.Audio.Editor.csproj", "{D23CE4F7-902A-3640-EBD7-50D84492D630}"
EndProject
Project("{FAE04EC0-301F-11D3-BF4B-00C04F79EFBC}") = "Unity.XR.Management.Samples.Editor", "Unity.XR.Management.Samples.Editor.csproj", "{D0FF156A-E283-CADC-CB4E-CEC636A0A0D7}"
EndProject
Project("{FAE04EC0-301F-11D3-BF4B-00C04F79EFBC}") = "Oculus.LipSync.Editor", "Oculus.LipSync.Editor.csproj", "{E21105D2-3B48-F613-7365-BD5058A756C4}"
EndProject
Project("{FAE04EC0-301F-11D3-BF4B-00C04F79EFBC}") = "Unity.XR.Management.Samples", "Unity.XR.Management.Samples.csproj", "{F8C19718-C679-1CA5-13D6-5827B6612172}"
EndProject
Project("{FAE04EC0-301F-11D3-BF4B-00C04F79EFBC}") = "Oculus.AudioManager.Utils.Editor", "Oculus.AudioManager.Utils.Editor.csproj", "{D3A31A2F-321C-2508-F613-8A9E837639E6}"
EndProject
Project("{FAE04EC0-301F-11D3-BF4B-00C04F79EFBC}") = "Oculus.Interaction.Samples.Editor", "Oculus.Interaction.Samples.Editor.csproj", "{918B65B4-0C99-1C4F-F432-0FB27B64605F}"
EndProject
Project("{FAE04EC0-301F-11D3-BF4B-00C04F79EFBC}") = "Facebook.Wit.Dictation.Editor", "Facebook.Wit.Dictation.Editor.csproj", "{D176832D-063F-FDCB-71A4-3411B28C7913}"
EndProject
Project("{FAE04EC0-301F-11D3-BF4B-00C04F79EFBC}") = "Oculus.Interaction.InterfaceSupport", "Oculus.Interaction.InterfaceSupport.csproj", "{ECBEB55D-210C-137C-61ED-07BAFBE340D2}"
EndProject
Project("{FAE04EC0-301F-11D3-BF4B-00C04F79EFBC}") = "Meta.Voice.VSDKHub.Editor", "Meta.Voice.VSDKHub.Editor.csproj", "{6ABFEE41-D355-5C07-B0CF-E7EF3D666667}"
EndProject
Project("{FAE04EC0-301F-11D3-BF4B-00C04F79EFBC}") = "AssistantCoreSDKEditor", "AssistantCoreSDKEditor.csproj", "{D504ADC6-9E7D-FB56-45AF-1A8A35F755CC}"
EndProject
Global
	GlobalSection(SolutionConfigurationPlatforms) = preSolution
		Debug|Any CPU = Debug|Any CPU
		Release|Any CPU = Release|Any CPU
	EndGlobalSection
	GlobalSection(ProjectConfigurationPlatforms) = postSolution
		{9AE15768-4C0D-4430-B4C5-7846A0DCE8A3}.Debug|Any CPU.ActiveCfg = Debug|Any CPU
		{9AE15768-4C0D-4430-B4C5-7846A0DCE8A3}.Debug|Any CPU.Build.0 = Debug|Any CPU
		{9AE15768-4C0D-4430-B4C5-7846A0DCE8A3}.Release|Any CPU.ActiveCfg = Release|Any CPU
		{9AE15768-4C0D-4430-B4C5-7846A0DCE8A3}.Release|Any CPU.Build.0 = Release|Any CPU
		{39087C8F-D026-CC87-3292-2A0B0D7E2261}.Debug|Any CPU.ActiveCfg = Debug|Any CPU
		{39087C8F-D026-CC87-3292-2A0B0D7E2261}.Debug|Any CPU.Build.0 = Debug|Any CPU
		{39087C8F-D026-CC87-3292-2A0B0D7E2261}.Release|Any CPU.ActiveCfg = Release|Any CPU
		{39087C8F-D026-CC87-3292-2A0B0D7E2261}.Release|Any CPU.Build.0 = Release|Any CPU
		{DB370944-3F05-7855-38C3-7F13BB6D963B}.Debug|Any CPU.ActiveCfg = Debug|Any CPU
		{DB370944-3F05-7855-38C3-7F13BB6D963B}.Debug|Any CPU.Build.0 = Debug|Any CPU
		{DB370944-3F05-7855-38C3-7F13BB6D963B}.Release|Any CPU.ActiveCfg = Release|Any CPU
		{DB370944-3F05-7855-38C3-7F13BB6D963B}.Release|Any CPU.Build.0 = Release|Any CPU
		{F080960B-1B2B-96ED-5B4C-A8909E28FC4F}.Debug|Any CPU.ActiveCfg = Debug|Any CPU
		{F080960B-1B2B-96ED-5B4C-A8909E28FC4F}.Debug|Any CPU.Build.0 = Debug|Any CPU
		{F080960B-1B2B-96ED-5B4C-A8909E28FC4F}.Release|Any CPU.ActiveCfg = Release|Any CPU
		{F080960B-1B2B-96ED-5B4C-A8909E28FC4F}.Release|Any CPU.Build.0 = Release|Any CPU
		{0CCEBE5C-F784-9349-BEBE-6E4DD1213463}.Debug|Any CPU.ActiveCfg = Debug|Any CPU
		{0CCEBE5C-F784-9349-BEBE-6E4DD1213463}.Debug|Any CPU.Build.0 = Debug|Any CPU
		{0CCEBE5C-F784-9349-BEBE-6E4DD1213463}.Release|Any CPU.ActiveCfg = Release|Any CPU
		{0CCEBE5C-F784-9349-BEBE-6E4DD1213463}.Release|Any CPU.Build.0 = Release|Any CPU
		{19F54BB4-DF23-B74C-08F1-B0FC129D1D66}.Debug|Any CPU.ActiveCfg = Debug|Any CPU
		{19F54BB4-DF23-B74C-08F1-B0FC129D1D66}.Debug|Any CPU.Build.0 = Debug|Any CPU
		{19F54BB4-DF23-B74C-08F1-B0FC129D1D66}.Release|Any CPU.ActiveCfg = Release|Any CPU
		{19F54BB4-DF23-B74C-08F1-B0FC129D1D66}.Release|Any CPU.Build.0 = Release|Any CPU
		{83D2C1CA-AE3E-DB4D-77D3-3F4B74C9F1D6}.Debug|Any CPU.ActiveCfg = Debug|Any CPU
		{83D2C1CA-AE3E-DB4D-77D3-3F4B74C9F1D6}.Debug|Any CPU.Build.0 = Debug|Any CPU
		{83D2C1CA-AE3E-DB4D-77D3-3F4B74C9F1D6}.Release|Any CPU.ActiveCfg = Release|Any CPU
		{83D2C1CA-AE3E-DB4D-77D3-3F4B74C9F1D6}.Release|Any CPU.Build.0 = Release|Any CPU
		{90FAE998-9C2F-7B5B-003D-415ED6F75BE2}.Debug|Any CPU.ActiveCfg = Debug|Any CPU
		{90FAE998-9C2F-7B5B-003D-415ED6F75BE2}.Debug|Any CPU.Build.0 = Debug|Any CPU
		{90FAE998-9C2F-7B5B-003D-415ED6F75BE2}.Release|Any CPU.ActiveCfg = Release|Any CPU
		{90FAE998-9C2F-7B5B-003D-415ED6F75BE2}.Release|Any CPU.Build.0 = Release|Any CPU
		{21CDFDE8-6C38-F85C-D907-BEAC87F88CE6}.Debug|Any CPU.ActiveCfg = Debug|Any CPU
		{21CDFDE8-6C38-F85C-D907-BEAC87F88CE6}.Debug|Any CPU.Build.0 = Debug|Any CPU
		{21CDFDE8-6C38-F85C-D907-BEAC87F88CE6}.Release|Any CPU.ActiveCfg = Release|Any CPU
		{21CDFDE8-6C38-F85C-D907-BEAC87F88CE6}.Release|Any CPU.Build.0 = Release|Any CPU
		{887A1AF2-923A-C71A-A73E-A531EF9AE696}.Debug|Any CPU.ActiveCfg = Debug|Any CPU
		{887A1AF2-923A-C71A-A73E-A531EF9AE696}.Debug|Any CPU.Build.0 = Debug|Any CPU
		{887A1AF2-923A-C71A-A73E-A531EF9AE696}.Release|Any CPU.ActiveCfg = Release|Any CPU
		{887A1AF2-923A-C71A-A73E-A531EF9AE696}.Release|Any CPU.Build.0 = Release|Any CPU
		{98F34C4E-8FA4-4ADD-2B5C-C64EA6A36391}.Debug|Any CPU.ActiveCfg = Debug|Any CPU
		{98F34C4E-8FA4-4ADD-2B5C-C64EA6A36391}.Debug|Any CPU.Build.0 = Debug|Any CPU
		{98F34C4E-8FA4-4ADD-2B5C-C64EA6A36391}.Release|Any CPU.ActiveCfg = Release|Any CPU
		{98F34C4E-8FA4-4ADD-2B5C-C64EA6A36391}.Release|Any CPU.Build.0 = Release|Any CPU
		{B6C98B60-1B56-B885-0A03-C09F5F18BDF4}.Debug|Any CPU.ActiveCfg = Debug|Any CPU
		{B6C98B60-1B56-B885-0A03-C09F5F18BDF4}.Debug|Any CPU.Build.0 = Debug|Any CPU
		{B6C98B60-1B56-B885-0A03-C09F5F18BDF4}.Release|Any CPU.ActiveCfg = Release|Any CPU
		{B6C98B60-1B56-B885-0A03-C09F5F18BDF4}.Release|Any CPU.Build.0 = Release|Any CPU
		{D85D407F-7CB9-15EF-F296-2EF5DABBFE9E}.Debug|Any CPU.ActiveCfg = Debug|Any CPU
		{D85D407F-7CB9-15EF-F296-2EF5DABBFE9E}.Debug|Any CPU.Build.0 = Debug|Any CPU
		{D85D407F-7CB9-15EF-F296-2EF5DABBFE9E}.Release|Any CPU.ActiveCfg = Release|Any CPU
		{D85D407F-7CB9-15EF-F296-2EF5DABBFE9E}.Release|Any CPU.Build.0 = Release|Any CPU
		{46CAE806-9546-661F-663A-46BDA0845252}.Debug|Any CPU.ActiveCfg = Debug|Any CPU
		{46CAE806-9546-661F-663A-46BDA0845252}.Debug|Any CPU.Build.0 = Debug|Any CPU
		{46CAE806-9546-661F-663A-46BDA0845252}.Release|Any CPU.ActiveCfg = Release|Any CPU
		{46CAE806-9546-661F-663A-46BDA0845252}.Release|Any CPU.Build.0 = Release|Any CPU
		{07D267E7-156E-16FA-E06E-D0868C63DD8C}.Debug|Any CPU.ActiveCfg = Debug|Any CPU
		{07D267E7-156E-16FA-E06E-D0868C63DD8C}.Debug|Any CPU.Build.0 = Debug|Any CPU
		{07D267E7-156E-16FA-E06E-D0868C63DD8C}.Release|Any CPU.ActiveCfg = Release|Any CPU
		{07D267E7-156E-16FA-E06E-D0868C63DD8C}.Release|Any CPU.Build.0 = Release|Any CPU
		{0E49A092-2917-533D-3BF4-BDCF6C02942F}.Debug|Any CPU.ActiveCfg = Debug|Any CPU
		{0E49A092-2917-533D-3BF4-BDCF6C02942F}.Debug|Any CPU.Build.0 = Debug|Any CPU
		{0E49A092-2917-533D-3BF4-BDCF6C02942F}.Release|Any CPU.ActiveCfg = Release|Any CPU
		{0E49A092-2917-533D-3BF4-BDCF6C02942F}.Release|Any CPU.Build.0 = Release|Any CPU
		{22B91288-72FC-0354-A570-9BB41666459B}.Debug|Any CPU.ActiveCfg = Debug|Any CPU
		{22B91288-72FC-0354-A570-9BB41666459B}.Debug|Any CPU.Build.0 = Debug|Any CPU
		{22B91288-72FC-0354-A570-9BB41666459B}.Release|Any CPU.ActiveCfg = Release|Any CPU
		{22B91288-72FC-0354-A570-9BB41666459B}.Release|Any CPU.Build.0 = Release|Any CPU
		{E5DAAA81-D877-32FC-35AD-5045454C3D3F}.Debug|Any CPU.ActiveCfg = Debug|Any CPU
		{E5DAAA81-D877-32FC-35AD-5045454C3D3F}.Debug|Any CPU.Build.0 = Debug|Any CPU
		{E5DAAA81-D877-32FC-35AD-5045454C3D3F}.Release|Any CPU.ActiveCfg = Release|Any CPU
		{E5DAAA81-D877-32FC-35AD-5045454C3D3F}.Release|Any CPU.Build.0 = Release|Any CPU
		{14C944A3-15B6-5FE6-F3B9-5BE20309B4BB}.Debug|Any CPU.ActiveCfg = Debug|Any CPU
		{14C944A3-15B6-5FE6-F3B9-5BE20309B4BB}.Debug|Any CPU.Build.0 = Debug|Any CPU
		{14C944A3-15B6-5FE6-F3B9-5BE20309B4BB}.Release|Any CPU.ActiveCfg = Release|Any CPU
		{14C944A3-15B6-5FE6-F3B9-5BE20309B4BB}.Release|Any CPU.Build.0 = Release|Any CPU
		{46FD6863-520E-AD60-D18C-F8D7881CCC17}.Debug|Any CPU.ActiveCfg = Debug|Any CPU
		{46FD6863-520E-AD60-D18C-F8D7881CCC17}.Debug|Any CPU.Build.0 = Debug|Any CPU
		{46FD6863-520E-AD60-D18C-F8D7881CCC17}.Release|Any CPU.ActiveCfg = Release|Any CPU
		{46FD6863-520E-AD60-D18C-F8D7881CCC17}.Release|Any CPU.Build.0 = Release|Any CPU
		{60744707-8041-FFB3-DC3C-C1221ABD5E08}.Debug|Any CPU.ActiveCfg = Debug|Any CPU
		{60744707-8041-FFB3-DC3C-C1221ABD5E08}.Debug|Any CPU.Build.0 = Debug|Any CPU
		{60744707-8041-FFB3-DC3C-C1221ABD5E08}.Release|Any CPU.ActiveCfg = Release|Any CPU
		{60744707-8041-FFB3-DC3C-C1221ABD5E08}.Release|Any CPU.Build.0 = Release|Any CPU
		{E1CAD9E6-3A75-7177-E9CE-210E81B4B4D2}.Debug|Any CPU.ActiveCfg = Debug|Any CPU
		{E1CAD9E6-3A75-7177-E9CE-210E81B4B4D2}.Debug|Any CPU.Build.0 = Debug|Any CPU
		{E1CAD9E6-3A75-7177-E9CE-210E81B4B4D2}.Release|Any CPU.ActiveCfg = Release|Any CPU
		{E1CAD9E6-3A75-7177-E9CE-210E81B4B4D2}.Release|Any CPU.Build.0 = Release|Any CPU
		{159DA22F-656A-BDC4-B07B-550B2E1EBB5F}.Debug|Any CPU.ActiveCfg = Debug|Any CPU
		{159DA22F-656A-BDC4-B07B-550B2E1EBB5F}.Debug|Any CPU.Build.0 = Debug|Any CPU
		{159DA22F-656A-BDC4-B07B-550B2E1EBB5F}.Release|Any CPU.ActiveCfg = Release|Any CPU
		{159DA22F-656A-BDC4-B07B-550B2E1EBB5F}.Release|Any CPU.Build.0 = Release|Any CPU
		{3F2FCB1B-30BF-BE48-291D-A7BEAA123589}.Debug|Any CPU.ActiveCfg = Debug|Any CPU
		{3F2FCB1B-30BF-BE48-291D-A7BEAA123589}.Debug|Any CPU.Build.0 = Debug|Any CPU
		{3F2FCB1B-30BF-BE48-291D-A7BEAA123589}.Release|Any CPU.ActiveCfg = Release|Any CPU
		{3F2FCB1B-30BF-BE48-291D-A7BEAA123589}.Release|Any CPU.Build.0 = Release|Any CPU
		{57723E5E-DB80-21F2-9803-E0002F1DBCF2}.Debug|Any CPU.ActiveCfg = Debug|Any CPU
		{57723E5E-DB80-21F2-9803-E0002F1DBCF2}.Debug|Any CPU.Build.0 = Debug|Any CPU
		{57723E5E-DB80-21F2-9803-E0002F1DBCF2}.Release|Any CPU.ActiveCfg = Release|Any CPU
		{57723E5E-DB80-21F2-9803-E0002F1DBCF2}.Release|Any CPU.Build.0 = Release|Any CPU
		{DBB6C0B8-54E4-50D7-3571-75C6F276A5FC}.Debug|Any CPU.ActiveCfg = Debug|Any CPU
		{DBB6C0B8-54E4-50D7-3571-75C6F276A5FC}.Debug|Any CPU.Build.0 = Debug|Any CPU
		{DBB6C0B8-54E4-50D7-3571-75C6F276A5FC}.Release|Any CPU.ActiveCfg = Release|Any CPU
		{DBB6C0B8-54E4-50D7-3571-75C6F276A5FC}.Release|Any CPU.Build.0 = Release|Any CPU
		{EE046121-CD05-71E6-1B30-8752F12B669A}.Debug|Any CPU.ActiveCfg = Debug|Any CPU
		{EE046121-CD05-71E6-1B30-8752F12B669A}.Debug|Any CPU.Build.0 = Debug|Any CPU
		{EE046121-CD05-71E6-1B30-8752F12B669A}.Release|Any CPU.ActiveCfg = Release|Any CPU
		{EE046121-CD05-71E6-1B30-8752F12B669A}.Release|Any CPU.Build.0 = Release|Any CPU
		{98C44000-FBA0-A597-B2C8-BBB706BE0E73}.Debug|Any CPU.ActiveCfg = Debug|Any CPU
		{98C44000-FBA0-A597-B2C8-BBB706BE0E73}.Debug|Any CPU.Build.0 = Debug|Any CPU
		{98C44000-FBA0-A597-B2C8-BBB706BE0E73}.Release|Any CPU.ActiveCfg = Release|Any CPU
		{98C44000-FBA0-A597-B2C8-BBB706BE0E73}.Release|Any CPU.Build.0 = Release|Any CPU
		{920788B9-25E0-E1CE-B20D-C17AF895CCA2}.Debug|Any CPU.ActiveCfg = Debug|Any CPU
		{920788B9-25E0-E1CE-B20D-C17AF895CCA2}.Debug|Any CPU.Build.0 = Debug|Any CPU
		{920788B9-25E0-E1CE-B20D-C17AF895CCA2}.Release|Any CPU.ActiveCfg = Release|Any CPU
		{920788B9-25E0-E1CE-B20D-C17AF895CCA2}.Release|Any CPU.Build.0 = Release|Any CPU
		{FA2E6E7A-0B5E-DE36-AE68-795C78A33EEA}.Debug|Any CPU.ActiveCfg = Debug|Any CPU
		{FA2E6E7A-0B5E-DE36-AE68-795C78A33EEA}.Debug|Any CPU.Build.0 = Debug|Any CPU
		{FA2E6E7A-0B5E-DE36-AE68-795C78A33EEA}.Release|Any CPU.ActiveCfg = Release|Any CPU
		{FA2E6E7A-0B5E-DE36-AE68-795C78A33EEA}.Release|Any CPU.Build.0 = Release|Any CPU
		{1B296379-6B03-686A-D53B-1EAFF5D53B31}.Debug|Any CPU.ActiveCfg = Debug|Any CPU
		{1B296379-6B03-686A-D53B-1EAFF5D53B31}.Debug|Any CPU.Build.0 = Debug|Any CPU
		{1B296379-6B03-686A-D53B-1EAFF5D53B31}.Release|Any CPU.ActiveCfg = Release|Any CPU
		{1B296379-6B03-686A-D53B-1EAFF5D53B31}.Release|Any CPU.Build.0 = Release|Any CPU
		{7AA5628A-6D34-9023-3708-552766E2AD60}.Debug|Any CPU.ActiveCfg = Debug|Any CPU
		{7AA5628A-6D34-9023-3708-552766E2AD60}.Debug|Any CPU.Build.0 = Debug|Any CPU
		{7AA5628A-6D34-9023-3708-552766E2AD60}.Release|Any CPU.ActiveCfg = Release|Any CPU
		{7AA5628A-6D34-9023-3708-552766E2AD60}.Release|Any CPU.Build.0 = Release|Any CPU
		{57472B84-2D07-60A5-7378-105433841626}.Debug|Any CPU.ActiveCfg = Debug|Any CPU
		{57472B84-2D07-60A5-7378-105433841626}.Debug|Any CPU.Build.0 = Debug|Any CPU
		{57472B84-2D07-60A5-7378-105433841626}.Release|Any CPU.ActiveCfg = Release|Any CPU
		{57472B84-2D07-60A5-7378-105433841626}.Release|Any CPU.Build.0 = Release|Any CPU
		{DE6A8628-80CB-A355-5C23-D4729F7BA8B9}.Debug|Any CPU.ActiveCfg = Debug|Any CPU
		{DE6A8628-80CB-A355-5C23-D4729F7BA8B9}.Debug|Any CPU.Build.0 = Debug|Any CPU
		{DE6A8628-80CB-A355-5C23-D4729F7BA8B9}.Release|Any CPU.ActiveCfg = Release|Any CPU
		{DE6A8628-80CB-A355-5C23-D4729F7BA8B9}.Release|Any CPU.Build.0 = Release|Any CPU
		{7738A48A-DD35-976D-74E5-D9C57A5C25BC}.Debug|Any CPU.ActiveCfg = Debug|Any CPU
		{7738A48A-DD35-976D-74E5-D9C57A5C25BC}.Debug|Any CPU.Build.0 = Debug|Any CPU
		{7738A48A-DD35-976D-74E5-D9C57A5C25BC}.Release|Any CPU.ActiveCfg = Release|Any CPU
		{7738A48A-DD35-976D-74E5-D9C57A5C25BC}.Release|Any CPU.Build.0 = Release|Any CPU
		{1BBEA1CE-48DC-EAFD-4F0A-A9FD6489E259}.Debug|Any CPU.ActiveCfg = Debug|Any CPU
		{1BBEA1CE-48DC-EAFD-4F0A-A9FD6489E259}.Debug|Any CPU.Build.0 = Debug|Any CPU
		{1BBEA1CE-48DC-EAFD-4F0A-A9FD6489E259}.Release|Any CPU.ActiveCfg = Release|Any CPU
		{1BBEA1CE-48DC-EAFD-4F0A-A9FD6489E259}.Release|Any CPU.Build.0 = Release|Any CPU
		{7CB8452B-309C-2F57-1DD4-D3D3D1CF4DED}.Debug|Any CPU.ActiveCfg = Debug|Any CPU
		{7CB8452B-309C-2F57-1DD4-D3D3D1CF4DED}.Debug|Any CPU.Build.0 = Debug|Any CPU
		{7CB8452B-309C-2F57-1DD4-D3D3D1CF4DED}.Release|Any CPU.ActiveCfg = Release|Any CPU
		{7CB8452B-309C-2F57-1DD4-D3D3D1CF4DED}.Release|Any CPU.Build.0 = Release|Any CPU
		{62BBF2EA-5A04-4AE5-07BD-E1AE5BA7343E}.Debug|Any CPU.ActiveCfg = Debug|Any CPU
		{62BBF2EA-5A04-4AE5-07BD-E1AE5BA7343E}.Debug|Any CPU.Build.0 = Debug|Any CPU
		{62BBF2EA-5A04-4AE5-07BD-E1AE5BA7343E}.Release|Any CPU.ActiveCfg = Release|Any CPU
		{62BBF2EA-5A04-4AE5-07BD-E1AE5BA7343E}.Release|Any CPU.Build.0 = Release|Any CPU
		{812ED062-9764-895C-B8E2-D16D6E94AF29}.Debug|Any CPU.ActiveCfg = Debug|Any CPU
		{812ED062-9764-895C-B8E2-D16D6E94AF29}.Debug|Any CPU.Build.0 = Debug|Any CPU
		{812ED062-9764-895C-B8E2-D16D6E94AF29}.Release|Any CPU.ActiveCfg = Release|Any CPU
		{812ED062-9764-895C-B8E2-D16D6E94AF29}.Release|Any CPU.Build.0 = Release|Any CPU
		{D23CE4F7-902A-3640-EBD7-50D84492D630}.Debug|Any CPU.ActiveCfg = Debug|Any CPU
		{D23CE4F7-902A-3640-EBD7-50D84492D630}.Debug|Any CPU.Build.0 = Debug|Any CPU
		{D23CE4F7-902A-3640-EBD7-50D84492D630}.Release|Any CPU.ActiveCfg = Release|Any CPU
		{D23CE4F7-902A-3640-EBD7-50D84492D630}.Release|Any CPU.Build.0 = Release|Any CPU
		{D0FF156A-E283-CADC-CB4E-CEC636A0A0D7}.Debug|Any CPU.ActiveCfg = Debug|Any CPU
		{D0FF156A-E283-CADC-CB4E-CEC636A0A0D7}.Debug|Any CPU.Build.0 = Debug|Any CPU
		{D0FF156A-E283-CADC-CB4E-CEC636A0A0D7}.Release|Any CPU.ActiveCfg = Release|Any CPU
		{D0FF156A-E283-CADC-CB4E-CEC636A0A0D7}.Release|Any CPU.Build.0 = Release|Any CPU
		{E21105D2-3B48-F613-7365-BD5058A756C4}.Debug|Any CPU.ActiveCfg = Debug|Any CPU
		{E21105D2-3B48-F613-7365-BD5058A756C4}.Debug|Any CPU.Build.0 = Debug|Any CPU
		{E21105D2-3B48-F613-7365-BD5058A756C4}.Release|Any CPU.ActiveCfg = Release|Any CPU
		{E21105D2-3B48-F613-7365-BD5058A756C4}.Release|Any CPU.Build.0 = Release|Any CPU
		{F8C19718-C679-1CA5-13D6-5827B6612172}.Debug|Any CPU.ActiveCfg = Debug|Any CPU
		{F8C19718-C679-1CA5-13D6-5827B6612172}.Debug|Any CPU.Build.0 = Debug|Any CPU
		{F8C19718-C679-1CA5-13D6-5827B6612172}.Release|Any CPU.ActiveCfg = Release|Any CPU
		{F8C19718-C679-1CA5-13D6-5827B6612172}.Release|Any CPU.Build.0 = Release|Any CPU
		{D3A31A2F-321C-2508-F613-8A9E837639E6}.Debug|Any CPU.ActiveCfg = Debug|Any CPU
		{D3A31A2F-321C-2508-F613-8A9E837639E6}.Debug|Any CPU.Build.0 = Debug|Any CPU
		{D3A31A2F-321C-2508-F613-8A9E837639E6}.Release|Any CPU.ActiveCfg = Release|Any CPU
		{D3A31A2F-321C-2508-F613-8A9E837639E6}.Release|Any CPU.Build.0 = Release|Any CPU
		{918B65B4-0C99-1C4F-F432-0FB27B64605F}.Debug|Any CPU.ActiveCfg = Debug|Any CPU
		{918B65B4-0C99-1C4F-F432-0FB27B64605F}.Debug|Any CPU.Build.0 = Debug|Any CPU
		{918B65B4-0C99-1C4F-F432-0FB27B64605F}.Release|Any CPU.ActiveCfg = Release|Any CPU
		{918B65B4-0C99-1C4F-F432-0FB27B64605F}.Release|Any CPU.Build.0 = Release|Any CPU
		{D176832D-063F-FDCB-71A4-3411B28C7913}.Debug|Any CPU.ActiveCfg = Debug|Any CPU
		{D176832D-063F-FDCB-71A4-3411B28C7913}.Debug|Any CPU.Build.0 = Debug|Any CPU
		{D176832D-063F-FDCB-71A4-3411B28C7913}.Release|Any CPU.ActiveCfg = Release|Any CPU
		{D176832D-063F-FDCB-71A4-3411B28C7913}.Release|Any CPU.Build.0 = Release|Any CPU
		{ECBEB55D-210C-137C-61ED-07BAFBE340D2}.Debug|Any CPU.ActiveCfg = Debug|Any CPU
		{ECBEB55D-210C-137C-61ED-07BAFBE340D2}.Debug|Any CPU.Build.0 = Debug|Any CPU
		{ECBEB55D-210C-137C-61ED-07BAFBE340D2}.Release|Any CPU.ActiveCfg = Release|Any CPU
		{ECBEB55D-210C-137C-61ED-07BAFBE340D2}.Release|Any CPU.Build.0 = Release|Any CPU
		{6ABFEE41-D355-5C07-B0CF-E7EF3D666667}.Debug|Any CPU.ActiveCfg = Debug|Any CPU
		{6ABFEE41-D355-5C07-B0CF-E7EF3D666667}.Debug|Any CPU.Build.0 = Debug|Any CPU
		{6ABFEE41-D355-5C07-B0CF-E7EF3D666667}.Release|Any CPU.ActiveCfg = Release|Any CPU
		{6ABFEE41-D355-5C07-B0CF-E7EF3D666667}.Release|Any CPU.Build.0 = Release|Any CPU
		{D504ADC6-9E7D-FB56-45AF-1A8A35F755CC}.Debug|Any CPU.ActiveCfg = Debug|Any CPU
		{D504ADC6-9E7D-FB56-45AF-1A8A35F755CC}.Debug|Any CPU.Build.0 = Debug|Any CPU
		{D504ADC6-9E7D-FB56-45AF-1A8A35F755CC}.Release|Any CPU.ActiveCfg = Release|Any CPU
		{D504ADC6-9E7D-FB56-45AF-1A8A35F755CC}.Release|Any CPU.Build.0 = Release|Any CPU
	EndGlobalSection
	GlobalSection(SolutionProperties) = preSolution
		HideSolutionNode = FALSE
	EndGlobalSection
EndGlobal
